// !$*UTF8*$!
{
	archiveVersion = 1;
	classes = {
	};
	objectVersion = 56;
	objects = {

/* Begin PBXBuildFile section */
		1D244ADE29ADF37E00250968 /* UtilitiesView.swift in Sources */ = {isa = PBXBuildFile; fileRef = 1D244AC129ADF37E00250968 /* UtilitiesView.swift */; };
		1D244ADF29ADF37E00250968 /* UtilitiesMenu.swift in Sources */ = {isa = PBXBuildFile; fileRef = 1D244AC229ADF37E00250968 /* UtilitiesMenu.swift */; };
		1D244AE029ADF37E00250968 /* DeleteButton.swift in Sources */ = {isa = PBXBuildFile; fileRef = 1D244AC429ADF37E00250968 /* DeleteButton.swift */; };
		1D244AE129ADF37E00250968 /* PlayDurationView.swift in Sources */ = {isa = PBXBuildFile; fileRef = 1D244AC529ADF37E00250968 /* PlayDurationView.swift */; };
		1D244AE229ADF37E00250968 /* PauseStopButton.swift in Sources */ = {isa = PBXBuildFile; fileRef = 1D244AC629ADF37E00250968 /* PauseStopButton.swift */; };
		1D244AE329ADF37E00250968 /* PlayButton.swift in Sources */ = {isa = PBXBuildFile; fileRef = 1D244AC729ADF37E00250968 /* PlayButton.swift */; };
		1D244AE429ADF37E00250968 /* MixHandlerView.swift in Sources */ = {isa = PBXBuildFile; fileRef = 1D244AC829ADF37E00250968 /* MixHandlerView.swift */; };
		1D244AE529ADF37E00250968 /* AddButton.swift in Sources */ = {isa = PBXBuildFile; fileRef = 1D244AC929ADF37E00250968 /* AddButton.swift */; };
		1D244AE629ADF37E00250968 /* Data.swift in Sources */ = {isa = PBXBuildFile; fileRef = 1D244ACB29ADF37E00250968 /* Data.swift */; };
		1D244AE729ADF37E00250968 /* MixControl.swift in Sources */ = {isa = PBXBuildFile; fileRef = 1D244ACC29ADF37E00250968 /* MixControl.swift */; };
		1D244AE929ADF37E00250968 /* FetchTimer.swift in Sources */ = {isa = PBXBuildFile; fileRef = 1D244ACE29ADF37E00250968 /* FetchTimer.swift */; };
		1D244AEA29ADF37E00250968 /* Player.swift in Sources */ = {isa = PBXBuildFile; fileRef = 1D244ACF29ADF37E00250968 /* Player.swift */; };
		1D244AEC29ADF37E00250968 /* TutorialView.swift in Sources */ = {isa = PBXBuildFile; fileRef = 1D244AD229ADF37E00250968 /* TutorialView.swift */; };
		1D244AED29ADF37E00250968 /* View+Extension.swift in Sources */ = {isa = PBXBuildFile; fileRef = 1D244AD429ADF37E00250968 /* View+Extension.swift */; };
		1D244AEE29ADF37E00250968 /* MixView.swift in Sources */ = {isa = PBXBuildFile; fileRef = 1D244AD529ADF37E00250968 /* MixView.swift */; };
		1D244AF029ADF37E00250968 /* AudioLevelView.swift in Sources */ = {isa = PBXBuildFile; fileRef = 1D244AD829ADF37E00250968 /* AudioLevelView.swift */; };
		1D244AF129ADF37E00250968 /* MixTrackView.swift in Sources */ = {isa = PBXBuildFile; fileRef = 1D244AD929ADF37E00250968 /* MixTrackView.swift */; };
		1D244AF229ADF37E00250968 /* AddFileButton.swift in Sources */ = {isa = PBXBuildFile; fileRef = 1D244ADA29ADF37E00250968 /* AddFileButton.swift */; };
		1D244AF329ADF37E00250968 /* VolumeSlider.swift in Sources */ = {isa = PBXBuildFile; fileRef = 1D244ADB29ADF37E00250968 /* VolumeSlider.swift */; };
		1D244AF929ADF42800250968 /* Assets.xcassets in Resources */ = {isa = PBXBuildFile; fileRef = 1D244AF829ADF42800250968 /* Assets.xcassets */; };
		1D244AFB29ADF43200250968 /* mixrApp.swift in Sources */ = {isa = PBXBuildFile; fileRef = 1D244AFA29ADF43200250968 /* mixrApp.swift */; };
		1D3D31A22A5185C800FEB7AD /* Realm in Frameworks */ = {isa = PBXBuildFile; productRef = 1D3D31A12A5185C800FEB7AD /* Realm */; };
		1D3D31A42A5185C800FEB7AD /* RealmSwift in Frameworks */ = {isa = PBXBuildFile; productRef = 1D3D31A32A5185C800FEB7AD /* RealmSwift */; };
		1D3D31A62A5187A400FEB7AD /* FileManagerView.swift in Sources */ = {isa = PBXBuildFile; fileRef = 1D3D31A52A5187A400FEB7AD /* FileManagerView.swift */; };
		1D9116CB2A54751E00BE1221 /* AudioPlayer.swift in Sources */ = {isa = PBXBuildFile; fileRef = 1D9116CA2A54751E00BE1221 /* AudioPlayer.swift */; };
		1D9116CE2A54752D00BE1221 /* SyncTime.swift in Sources */ = {isa = PBXBuildFile; fileRef = 1D9116CD2A54752D00BE1221 /* SyncTime.swift */; };
/* End PBXBuildFile section */

/* Begin PBXFileReference section */
		1D22274129ADF5E0008EF5AD /* Info.plist */ = {isa = PBXFileReference; lastKnownFileType = text.plist.xml; path = Info.plist; sourceTree = "<group>"; };
		1D244AAD29ADF36500250968 /* mixr.app */ = {isa = PBXFileReference; explicitFileType = wrapper.application; includeInIndex = 0; path = mixr.app; sourceTree = BUILT_PRODUCTS_DIR; };
		1D244AC129ADF37E00250968 /* UtilitiesView.swift */ = {isa = PBXFileReference; fileEncoding = 4; lastKnownFileType = sourcecode.swift; path = UtilitiesView.swift; sourceTree = "<group>"; };
		1D244AC229ADF37E00250968 /* UtilitiesMenu.swift */ = {isa = PBXFileReference; fileEncoding = 4; lastKnownFileType = sourcecode.swift; path = UtilitiesMenu.swift; sourceTree = "<group>"; };
		1D244AC429ADF37E00250968 /* DeleteButton.swift */ = {isa = PBXFileReference; fileEncoding = 4; lastKnownFileType = sourcecode.swift; path = DeleteButton.swift; sourceTree = "<group>"; };
		1D244AC529ADF37E00250968 /* PlayDurationView.swift */ = {isa = PBXFileReference; fileEncoding = 4; lastKnownFileType = sourcecode.swift; path = PlayDurationView.swift; sourceTree = "<group>"; };
		1D244AC629ADF37E00250968 /* PauseStopButton.swift */ = {isa = PBXFileReference; fileEncoding = 4; lastKnownFileType = sourcecode.swift; path = PauseStopButton.swift; sourceTree = "<group>"; };
		1D244AC729ADF37E00250968 /* PlayButton.swift */ = {isa = PBXFileReference; fileEncoding = 4; lastKnownFileType = sourcecode.swift; path = PlayButton.swift; sourceTree = "<group>"; };
		1D244AC829ADF37E00250968 /* MixHandlerView.swift */ = {isa = PBXFileReference; fileEncoding = 4; lastKnownFileType = sourcecode.swift; path = MixHandlerView.swift; sourceTree = "<group>"; };
		1D244AC929ADF37E00250968 /* AddButton.swift */ = {isa = PBXFileReference; fileEncoding = 4; lastKnownFileType = sourcecode.swift; path = AddButton.swift; sourceTree = "<group>"; };
		1D244ACB29ADF37E00250968 /* Data.swift */ = {isa = PBXFileReference; fileEncoding = 4; lastKnownFileType = sourcecode.swift; path = Data.swift; sourceTree = "<group>"; };
		1D244ACC29ADF37E00250968 /* MixControl.swift */ = {isa = PBXFileReference; fileEncoding = 4; lastKnownFileType = sourcecode.swift; path = MixControl.swift; sourceTree = "<group>"; };
		1D244ACE29ADF37E00250968 /* FetchTimer.swift */ = {isa = PBXFileReference; fileEncoding = 4; lastKnownFileType = sourcecode.swift; path = FetchTimer.swift; sourceTree = "<group>"; };
		1D244ACF29ADF37E00250968 /* Player.swift */ = {isa = PBXFileReference; fileEncoding = 4; lastKnownFileType = sourcecode.swift; path = Player.swift; sourceTree = "<group>"; };
		1D244AD229ADF37E00250968 /* TutorialView.swift */ = {isa = PBXFileReference; fileEncoding = 4; lastKnownFileType = sourcecode.swift; path = TutorialView.swift; sourceTree = "<group>"; };
		1D244AD429ADF37E00250968 /* View+Extension.swift */ = {isa = PBXFileReference; fileEncoding = 4; lastKnownFileType = sourcecode.swift; path = "View+Extension.swift"; sourceTree = "<group>"; };
		1D244AD529ADF37E00250968 /* MixView.swift */ = {isa = PBXFileReference; fileEncoding = 4; lastKnownFileType = sourcecode.swift; path = MixView.swift; sourceTree = "<group>"; };
		1D244AD829ADF37E00250968 /* AudioLevelView.swift */ = {isa = PBXFileReference; fileEncoding = 4; lastKnownFileType = sourcecode.swift; path = AudioLevelView.swift; sourceTree = "<group>"; };
		1D244AD929ADF37E00250968 /* MixTrackView.swift */ = {isa = PBXFileReference; fileEncoding = 4; lastKnownFileType = sourcecode.swift; path = MixTrackView.swift; sourceTree = "<group>"; };
		1D244ADA29ADF37E00250968 /* AddFileButton.swift */ = {isa = PBXFileReference; fileEncoding = 4; lastKnownFileType = sourcecode.swift; path = AddFileButton.swift; sourceTree = "<group>"; };
		1D244ADB29ADF37E00250968 /* VolumeSlider.swift */ = {isa = PBXFileReference; fileEncoding = 4; lastKnownFileType = sourcecode.swift; path = VolumeSlider.swift; sourceTree = "<group>"; };
		1D244AF829ADF42800250968 /* Assets.xcassets */ = {isa = PBXFileReference; lastKnownFileType = folder.assetcatalog; path = Assets.xcassets; sourceTree = "<group>"; };
		1D244AFA29ADF43200250968 /* mixrApp.swift */ = {isa = PBXFileReference; fileEncoding = 4; lastKnownFileType = sourcecode.swift; path = mixrApp.swift; sourceTree = "<group>"; };
		1D3D31A52A5187A400FEB7AD /* FileManagerView.swift */ = {isa = PBXFileReference; lastKnownFileType = sourcecode.swift; path = FileManagerView.swift; sourceTree = "<group>"; };
		1D9116CA2A54751E00BE1221 /* AudioPlayer.swift */ = {isa = PBXFileReference; lastKnownFileType = sourcecode.swift; path = AudioPlayer.swift; sourceTree = "<group>"; };
		1D9116CD2A54752D00BE1221 /* SyncTime.swift */ = {isa = PBXFileReference; lastKnownFileType = sourcecode.swift; path = SyncTime.swift; sourceTree = "<group>"; };
/* End PBXFileReference section */

/* Begin PBXFrameworksBuildPhase section */
		1D244AAA29ADF36500250968 /* Frameworks */ = {
			isa = PBXFrameworksBuildPhase;
			buildActionMask = 2147483647;
			files = (
				1D3D31A42A5185C800FEB7AD /* RealmSwift in Frameworks */,
				1D3D31A22A5185C800FEB7AD /* Realm in Frameworks */,
			);
			runOnlyForDeploymentPostprocessing = 0;
		};
/* End PBXFrameworksBuildPhase section */

/* Begin PBXGroup section */
		1D244AA429ADF36500250968 = {
			isa = PBXGroup;
			children = (
				1D244AAF29ADF36500250968 /* mixr */,
				1D244AAE29ADF36500250968 /* Products */,
			);
			sourceTree = "<group>";
		};
		1D244AAE29ADF36500250968 /* Products */ = {
			isa = PBXGroup;
			children = (
				1D244AAD29ADF36500250968 /* mixr.app */,
			);
			name = Products;
			sourceTree = "<group>";
		};
		1D244AAF29ADF36500250968 /* mixr */ = {
			isa = PBXGroup;
			children = (
				1D244ACA29ADF37E00250968 /* Core */,
				1D3D31A52A5187A400FEB7AD /* FileManagerView.swift */,
				1D9116D12A54780800BE1221 /* Resources */,
				1D9116D22A54784D00BE1221 /* Utilities */,
				1D9116C52A54727400BE1221 /* Views */,
			);
			path = mixr;
			sourceTree = "<group>";
		};
		1D244AC029ADF37E00250968 /* UtilitiesView */ = {
			isa = PBXGroup;
			children = (
				1D9116C62A5472C900BE1221 /* Menu */,
				1D244AC129ADF37E00250968 /* UtilitiesView.swift */,
			);
			path = UtilitiesView;
			sourceTree = "<group>";
		};
		1D244AC329ADF37E00250968 /* MixHandlerView */ = {
			isa = PBXGroup;
			children = (
				1D9116C42A54722900BE1221 /* Views */,
				1D9116C32A54721D00BE1221 /* Buttons */,
				1D244AC829ADF37E00250968 /* MixHandlerView.swift */,
			);
			path = MixHandlerView;
			sourceTree = "<group>";
		};
		1D244ACA29ADF37E00250968 /* Core */ = {
			isa = PBXGroup;
			children = (
				1D9116C92A5474A500BE1221 /* Struct */,
				1D244ACB29ADF37E00250968 /* Data.swift */,
			);
			path = Core;
			sourceTree = "<group>";
		};
		1D244AD129ADF37E00250968 /* TutorialView */ = {
			isa = PBXGroup;
			children = (
				1D244AD229ADF37E00250968 /* TutorialView.swift */,
			);
			path = TutorialView;
			sourceTree = "<group>";
		};
		1D244AD329ADF37E00250968 /* Extensions */ = {
			isa = PBXGroup;
			children = (
				1D244AD429ADF37E00250968 /* View+Extension.swift */,
			);
			path = Extensions;
			sourceTree = "<group>";
		};
		1D244AD729ADF37E00250968 /* MixTrackView */ = {
			isa = PBXGroup;
			children = (
				1D9116D32A54796900BE1221 /* Views */,
				1D244AD929ADF37E00250968 /* MixTrackView.swift */,
			);
			path = MixTrackView;
			sourceTree = "<group>";
		};
		1D744AE72A54851400CDCA1E /* Development */ = {
			isa = PBXGroup;
			children = (
				1D744AE82A54851900CDCA1E /* Assets */,
			);
			path = Development;
			sourceTree = "<group>";
		};
		1D744AE82A54851900CDCA1E /* Assets */ = {
			isa = PBXGroup;
			children = (
			);
			path = Assets;
			sourceTree = "<group>";
		};
		1D9116C32A54721D00BE1221 /* Buttons */ = {
			isa = PBXGroup;
			children = (
				1D244AC929ADF37E00250968 /* AddButton.swift */,
				1D244AC429ADF37E00250968 /* DeleteButton.swift */,
				1D244AC629ADF37E00250968 /* PauseStopButton.swift */,
				1D244AC729ADF37E00250968 /* PlayButton.swift */,
			);
			path = Buttons;
			sourceTree = "<group>";
		};
		1D9116C42A54722900BE1221 /* Views */ = {
			isa = PBXGroup;
			children = (
				1D244AC529ADF37E00250968 /* PlayDurationView.swift */,
			);
			path = Views;
			sourceTree = "<group>";
		};
		1D9116C52A54727400BE1221 /* Views */ = {
			isa = PBXGroup;
			children = (
				1D244AD729ADF37E00250968 /* MixTrackView */,
				1D244AD129ADF37E00250968 /* TutorialView */,
				1D9116C72A5472D800BE1221 /* MixView */,
			);
			path = Views;
			sourceTree = "<group>";
		};
		1D9116C62A5472C900BE1221 /* Menu */ = {
			isa = PBXGroup;
			children = (
				1D244AC229ADF37E00250968 /* UtilitiesMenu.swift */,
			);
			path = Menu;
			sourceTree = "<group>";
		};
		1D9116C72A5472D800BE1221 /* MixView */ = {
			isa = PBXGroup;
			children = (
				1D9116C82A5472E300BE1221 /* Views */,
				1D244AD529ADF37E00250968 /* MixView.swift */,
			);
			path = MixView;
			sourceTree = "<group>";
		};
		1D9116C82A5472E300BE1221 /* Views */ = {
			isa = PBXGroup;
			children = (
				1D244AC029ADF37E00250968 /* UtilitiesView */,
				1D244AC329ADF37E00250968 /* MixHandlerView */,
			);
			path = Views;
			sourceTree = "<group>";
		};
		1D9116C92A5474A500BE1221 /* Struct */ = {
			isa = PBXGroup;
			children = (
				1D9116CF2A54758800BE1221 /* Player */,
				1D244ACE29ADF37E00250968 /* FetchTimer.swift */,
				1D244ACC29ADF37E00250968 /* MixControl.swift */,
			);
			path = Struct;
			sourceTree = "<group>";
		};
		1D9116CF2A54758800BE1221 /* Player */ = {
			isa = PBXGroup;
			children = (
				1D9116D02A54759400BE1221 /* Models */,
				1D244ACF29ADF37E00250968 /* Player.swift */,
			);
			path = Player;
			sourceTree = "<group>";
		};
		1D9116D02A54759400BE1221 /* Models */ = {
			isa = PBXGroup;
			children = (
				1D9116CA2A54751E00BE1221 /* AudioPlayer.swift */,
				1D9116CD2A54752D00BE1221 /* SyncTime.swift */,
			);
			path = Models;
			sourceTree = "<group>";
		};
		1D9116D12A54780800BE1221 /* Resources */ = {
			isa = PBXGroup;
			children = (
				1D744AE72A54851400CDCA1E /* Development */,
				1D22274129ADF5E0008EF5AD /* Info.plist */,
				1D244AFA29ADF43200250968 /* mixrApp.swift */,
				1D244AF829ADF42800250968 /* Assets.xcassets */,
			);
			path = Resources;
			sourceTree = "<group>";
		};
		1D9116D22A54784D00BE1221 /* Utilities */ = {
			isa = PBXGroup;
			children = (
				1D244AD329ADF37E00250968 /* Extensions */,
			);
			path = Utilities;
			sourceTree = "<group>";
		};
		1D9116D32A54796900BE1221 /* Views */ = {
			isa = PBXGroup;
			children = (
				1D244ADB29ADF37E00250968 /* VolumeSlider.swift */,
				1D244ADA29ADF37E00250968 /* AddFileButton.swift */,
				1D244AD829ADF37E00250968 /* AudioLevelView.swift */,
			);
			path = Views;
			sourceTree = "<group>";
		};
/* End PBXGroup section */

/* Begin PBXNativeTarget section */
		1D244AAC29ADF36500250968 /* mixr */ = {
			isa = PBXNativeTarget;
			buildConfigurationList = 1D244ABB29ADF36600250968 /* Build configuration list for PBXNativeTarget "mixr" */;
			buildPhases = (
				1D244AA929ADF36500250968 /* Sources */,
				1D244AAA29ADF36500250968 /* Frameworks */,
				1D244AAB29ADF36500250968 /* Resources */,
			);
			buildRules = (
			);
			dependencies = (
			);
			name = mixr;
			packageProductDependencies = (
				1D3D31A12A5185C800FEB7AD /* Realm */,
				1D3D31A32A5185C800FEB7AD /* RealmSwift */,
			);
			productName = mixr;
			productReference = 1D244AAD29ADF36500250968 /* mixr.app */;
			productType = "com.apple.product-type.application";
		};
/* End PBXNativeTarget section */

/* Begin PBXProject section */
		1D244AA529ADF36500250968 /* Project object */ = {
			isa = PBXProject;
			attributes = {
				BuildIndependentTargetsInParallel = 1;
				LastSwiftUpdateCheck = 1420;
				LastUpgradeCheck = 1420;
				TargetAttributes = {
					1D244AAC29ADF36500250968 = {
						CreatedOnToolsVersion = 14.2;
					};
				};
			};
			buildConfigurationList = 1D244AA829ADF36500250968 /* Build configuration list for PBXProject "mixr" */;
			compatibilityVersion = "Xcode 14.0";
			developmentRegion = en;
			hasScannedForEncodings = 0;
			knownRegions = (
				en,
				Base,
			);
			mainGroup = 1D244AA429ADF36500250968;
			packageReferences = (
				1D3D31A02A5185C800FEB7AD /* XCRemoteSwiftPackageReference "realm-swift" */,
			);
			productRefGroup = 1D244AAE29ADF36500250968 /* Products */;
			projectDirPath = "";
			projectRoot = "";
			targets = (
				1D244AAC29ADF36500250968 /* mixr */,
			);
		};
/* End PBXProject section */

/* Begin PBXResourcesBuildPhase section */
		1D244AAB29ADF36500250968 /* Resources */ = {
			isa = PBXResourcesBuildPhase;
			buildActionMask = 2147483647;
			files = (
				1D244AF929ADF42800250968 /* Assets.xcassets in Resources */,
			);
			runOnlyForDeploymentPostprocessing = 0;
		};
/* End PBXResourcesBuildPhase section */

/* Begin PBXSourcesBuildPhase section */
		1D244AA929ADF36500250968 /* Sources */ = {
			isa = PBXSourcesBuildPhase;
			buildActionMask = 2147483647;
			files = (
				1D244AED29ADF37E00250968 /* View+Extension.swift in Sources */,
				1D244AF029ADF37E00250968 /* AudioLevelView.swift in Sources */,
				1D244AE329ADF37E00250968 /* PlayButton.swift in Sources */,
				1D9116CE2A54752D00BE1221 /* SyncTime.swift in Sources */,
				1D244AE529ADF37E00250968 /* AddButton.swift in Sources */,
				1D244AE029ADF37E00250968 /* DeleteButton.swift in Sources */,
				1D244AE629ADF37E00250968 /* Data.swift in Sources */,
				1D244AE429ADF37E00250968 /* MixHandlerView.swift in Sources */,
				1D244AF329ADF37E00250968 /* VolumeSlider.swift in Sources */,
				1D244AEE29ADF37E00250968 /* MixView.swift in Sources */,
				1D244AE729ADF37E00250968 /* MixControl.swift in Sources */,
				1D244AE229ADF37E00250968 /* PauseStopButton.swift in Sources */,
				1D3D31A62A5187A400FEB7AD /* FileManagerView.swift in Sources */,
				1D244AEC29ADF37E00250968 /* TutorialView.swift in Sources */,
				1D9116CB2A54751E00BE1221 /* AudioPlayer.swift in Sources */,
				1D244AF229ADF37E00250968 /* AddFileButton.swift in Sources */,
				1D244AE129ADF37E00250968 /* PlayDurationView.swift in Sources */,
				1D244AFB29ADF43200250968 /* mixrApp.swift in Sources */,
				1D244ADE29ADF37E00250968 /* UtilitiesView.swift in Sources */,
				1D244AE929ADF37E00250968 /* FetchTimer.swift in Sources */,
				1D244AEA29ADF37E00250968 /* Player.swift in Sources */,
				1D244AF129ADF37E00250968 /* MixTrackView.swift in Sources */,
				1D244ADF29ADF37E00250968 /* UtilitiesMenu.swift in Sources */,
			);
			runOnlyForDeploymentPostprocessing = 0;
		};
/* End PBXSourcesBuildPhase section */

/* Begin XCBuildConfiguration section */
		1D244AB929ADF36600250968 /* Debug */ = {
			isa = XCBuildConfiguration;
			buildSettings = {
				ALWAYS_SEARCH_USER_PATHS = NO;
				CLANG_ANALYZER_NONNULL = YES;
				CLANG_ANALYZER_NUMBER_OBJECT_CONVERSION = YES_AGGRESSIVE;
				CLANG_CXX_LANGUAGE_STANDARD = "gnu++20";
				CLANG_ENABLE_MODULES = YES;
				CLANG_ENABLE_OBJC_ARC = YES;
				CLANG_ENABLE_OBJC_WEAK = YES;
				CLANG_WARN_BLOCK_CAPTURE_AUTORELEASING = YES;
				CLANG_WARN_BOOL_CONVERSION = YES;
				CLANG_WARN_COMMA = YES;
				CLANG_WARN_CONSTANT_CONVERSION = YES;
				CLANG_WARN_DEPRECATED_OBJC_IMPLEMENTATIONS = YES;
				CLANG_WARN_DIRECT_OBJC_ISA_USAGE = YES_ERROR;
				CLANG_WARN_DOCUMENTATION_COMMENTS = YES;
				CLANG_WARN_EMPTY_BODY = YES;
				CLANG_WARN_ENUM_CONVERSION = YES;
				CLANG_WARN_INFINITE_RECURSION = YES;
				CLANG_WARN_INT_CONVERSION = YES;
				CLANG_WARN_NON_LITERAL_NULL_CONVERSION = YES;
				CLANG_WARN_OBJC_IMPLICIT_RETAIN_SELF = YES;
				CLANG_WARN_OBJC_LITERAL_CONVERSION = YES;
				CLANG_WARN_OBJC_ROOT_CLASS = YES_ERROR;
				CLANG_WARN_QUOTED_INCLUDE_IN_FRAMEWORK_HEADER = YES;
				CLANG_WARN_RANGE_LOOP_ANALYSIS = YES;
				CLANG_WARN_STRICT_PROTOTYPES = YES;
				CLANG_WARN_SUSPICIOUS_MOVE = YES;
				CLANG_WARN_UNGUARDED_AVAILABILITY = YES_AGGRESSIVE;
				CLANG_WARN_UNREACHABLE_CODE = YES;
				CLANG_WARN__DUPLICATE_METHOD_MATCH = YES;
				COPY_PHASE_STRIP = NO;
				DEBUG_INFORMATION_FORMAT = dwarf;
				ENABLE_STRICT_OBJC_MSGSEND = YES;
				ENABLE_TESTABILITY = YES;
				GCC_C_LANGUAGE_STANDARD = gnu11;
				GCC_DYNAMIC_NO_PIC = NO;
				GCC_NO_COMMON_BLOCKS = YES;
				GCC_OPTIMIZATION_LEVEL = 0;
				GCC_PREPROCESSOR_DEFINITIONS = (
					"DEBUG=1",
					"$(inherited)",
				);
				GCC_WARN_64_TO_32_BIT_CONVERSION = YES;
				GCC_WARN_ABOUT_RETURN_TYPE = YES_ERROR;
				GCC_WARN_UNDECLARED_SELECTOR = YES;
				GCC_WARN_UNINITIALIZED_AUTOS = YES_AGGRESSIVE;
				GCC_WARN_UNUSED_FUNCTION = YES;
				GCC_WARN_UNUSED_VARIABLE = YES;
				IPHONEOS_DEPLOYMENT_TARGET = 16.2;
				MTL_ENABLE_DEBUG_INFO = INCLUDE_SOURCE;
				MTL_FAST_MATH = YES;
				ONLY_ACTIVE_ARCH = YES;
				SDKROOT = iphoneos;
				SWIFT_ACTIVE_COMPILATION_CONDITIONS = DEBUG;
				SWIFT_OPTIMIZATION_LEVEL = "-Onone";
			};
			name = Debug;
		};
		1D244ABA29ADF36600250968 /* Release */ = {
			isa = XCBuildConfiguration;
			buildSettings = {
				ALWAYS_SEARCH_USER_PATHS = NO;
				CLANG_ANALYZER_NONNULL = YES;
				CLANG_ANALYZER_NUMBER_OBJECT_CONVERSION = YES_AGGRESSIVE;
				CLANG_CXX_LANGUAGE_STANDARD = "gnu++20";
				CLANG_ENABLE_MODULES = YES;
				CLANG_ENABLE_OBJC_ARC = YES;
				CLANG_ENABLE_OBJC_WEAK = YES;
				CLANG_WARN_BLOCK_CAPTURE_AUTORELEASING = YES;
				CLANG_WARN_BOOL_CONVERSION = YES;
				CLANG_WARN_COMMA = YES;
				CLANG_WARN_CONSTANT_CONVERSION = YES;
				CLANG_WARN_DEPRECATED_OBJC_IMPLEMENTATIONS = YES;
				CLANG_WARN_DIRECT_OBJC_ISA_USAGE = YES_ERROR;
				CLANG_WARN_DOCUMENTATION_COMMENTS = YES;
				CLANG_WARN_EMPTY_BODY = YES;
				CLANG_WARN_ENUM_CONVERSION = YES;
				CLANG_WARN_INFINITE_RECURSION = YES;
				CLANG_WARN_INT_CONVERSION = YES;
				CLANG_WARN_NON_LITERAL_NULL_CONVERSION = YES;
				CLANG_WARN_OBJC_IMPLICIT_RETAIN_SELF = YES;
				CLANG_WARN_OBJC_LITERAL_CONVERSION = YES;
				CLANG_WARN_OBJC_ROOT_CLASS = YES_ERROR;
				CLANG_WARN_QUOTED_INCLUDE_IN_FRAMEWORK_HEADER = YES;
				CLANG_WARN_RANGE_LOOP_ANALYSIS = YES;
				CLANG_WARN_STRICT_PROTOTYPES = YES;
				CLANG_WARN_SUSPICIOUS_MOVE = YES;
				CLANG_WARN_UNGUARDED_AVAILABILITY = YES_AGGRESSIVE;
				CLANG_WARN_UNREACHABLE_CODE = YES;
				CLANG_WARN__DUPLICATE_METHOD_MATCH = YES;
				COPY_PHASE_STRIP = NO;
				DEBUG_INFORMATION_FORMAT = "dwarf-with-dsym";
				ENABLE_NS_ASSERTIONS = NO;
				ENABLE_STRICT_OBJC_MSGSEND = YES;
				GCC_C_LANGUAGE_STANDARD = gnu11;
				GCC_NO_COMMON_BLOCKS = YES;
				GCC_WARN_64_TO_32_BIT_CONVERSION = YES;
				GCC_WARN_ABOUT_RETURN_TYPE = YES_ERROR;
				GCC_WARN_UNDECLARED_SELECTOR = YES;
				GCC_WARN_UNINITIALIZED_AUTOS = YES_AGGRESSIVE;
				GCC_WARN_UNUSED_FUNCTION = YES;
				GCC_WARN_UNUSED_VARIABLE = YES;
				IPHONEOS_DEPLOYMENT_TARGET = 16.2;
				MTL_ENABLE_DEBUG_INFO = NO;
				MTL_FAST_MATH = YES;
				SDKROOT = iphoneos;
				SWIFT_COMPILATION_MODE = wholemodule;
				SWIFT_OPTIMIZATION_LEVEL = "-O";
				VALIDATE_PRODUCT = YES;
			};
			name = Release;
		};
		1D244ABC29ADF36600250968 /* Debug */ = {
			isa = XCBuildConfiguration;
			buildSettings = {
				ASSETCATALOG_COMPILER_APPICON_NAME = AppIcon;
				ASSETCATALOG_COMPILER_GLOBAL_ACCENT_COLOR_NAME = AccentColor;
				CODE_SIGN_STYLE = Automatic;
				CURRENT_PROJECT_VERSION = 1;
				DEVELOPMENT_ASSET_PATHS = "\"mixr/Resources/Development/Assets\"";
				DEVELOPMENT_TEAM = SX5J72PCDG;
				ENABLE_PREVIEWS = YES;
				GENERATE_INFOPLIST_FILE = YES;
				INFOPLIST_FILE = mixr/Resources/Info.plist;
				INFOPLIST_KEY_CFBundleDisplayName = mixr;
				INFOPLIST_KEY_LSApplicationCategoryType = "public.app-category.music";
				INFOPLIST_KEY_UIApplicationSceneManifest_Generation = YES;
				INFOPLIST_KEY_UIApplicationSupportsIndirectInputEvents = YES;
				INFOPLIST_KEY_UILaunchScreen_Generation = YES;
				INFOPLIST_KEY_UISupportedInterfaceOrientations_iPad = "UIInterfaceOrientationPortrait UIInterfaceOrientationPortraitUpsideDown UIInterfaceOrientationLandscapeLeft UIInterfaceOrientationLandscapeRight";
				INFOPLIST_KEY_UISupportedInterfaceOrientations_iPhone = "UIInterfaceOrientationPortrait UIInterfaceOrientationLandscapeLeft UIInterfaceOrientationLandscapeRight";
				IPHONEOS_DEPLOYMENT_TARGET = 15.5;
				LD_RUNPATH_SEARCH_PATHS = (
					"$(inherited)",
					"@executable_path/Frameworks",
				);
				MARKETING_VERSION = 1.0;
				PRODUCT_BUNDLE_IDENTIFIER = com.kentakoong.mixr;
				PRODUCT_NAME = "$(TARGET_NAME)";
				SUPPORTED_PLATFORMS = "iphoneos iphonesimulator";
				SUPPORTS_MACCATALYST = NO;
				SUPPORTS_MAC_DESIGNED_FOR_IPHONE_IPAD = NO;
				SWIFT_EMIT_LOC_STRINGS = YES;
				SWIFT_VERSION = 5.0;
				TARGETED_DEVICE_FAMILY = "1,2";
			};
			name = Debug;
		};
		1D244ABD29ADF36600250968 /* Release */ = {
			isa = XCBuildConfiguration;
			buildSettings = {
				ASSETCATALOG_COMPILER_APPICON_NAME = AppIcon;
				ASSETCATALOG_COMPILER_GLOBAL_ACCENT_COLOR_NAME = AccentColor;
				CODE_SIGN_STYLE = Automatic;
				CURRENT_PROJECT_VERSION = 1;
				DEVELOPMENT_ASSET_PATHS = "\"mixr/Resources/Development/Assets\"";
				DEVELOPMENT_TEAM = SX5J72PCDG;
				ENABLE_PREVIEWS = YES;
				GENERATE_INFOPLIST_FILE = YES;
				INFOPLIST_FILE = mixr/Resources/Info.plist;
				INFOPLIST_KEY_CFBundleDisplayName = mixr;
				INFOPLIST_KEY_LSApplicationCategoryType = "public.app-category.music";
				INFOPLIST_KEY_UIApplicationSceneManifest_Generation = YES;
				INFOPLIST_KEY_UIApplicationSupportsIndirectInputEvents = YES;
				INFOPLIST_KEY_UILaunchScreen_Generation = YES;
				INFOPLIST_KEY_UISupportedInterfaceOrientations_iPad = "UIInterfaceOrientationPortrait UIInterfaceOrientationPortraitUpsideDown UIInterfaceOrientationLandscapeLeft UIInterfaceOrientationLandscapeRight";
				INFOPLIST_KEY_UISupportedInterfaceOrientations_iPhone = "UIInterfaceOrientationPortrait UIInterfaceOrientationLandscapeLeft UIInterfaceOrientationLandscapeRight";
				IPHONEOS_DEPLOYMENT_TARGET = 15.5;
				LD_RUNPATH_SEARCH_PATHS = (
					"$(inherited)",
					"@executable_path/Frameworks",
				);
				MARKETING_VERSION = 1.0;
				PRODUCT_BUNDLE_IDENTIFIER = com.kentakoong.mixr;
				PRODUCT_NAME = "$(TARGET_NAME)";
				SUPPORTED_PLATFORMS = "iphoneos iphonesimulator";
				SUPPORTS_MACCATALYST = NO;
				SUPPORTS_MAC_DESIGNED_FOR_IPHONE_IPAD = NO;
				SWIFT_EMIT_LOC_STRINGS = YES;
				SWIFT_VERSION = 5.0;
				TARGETED_DEVICE_FAMILY = "1,2";
			};
			name = Release;
		};
/* End XCBuildConfiguration section */

/* Begin XCConfigurationList section */
		1D244AA829ADF36500250968 /* Build configuration list for PBXProject "mixr" */ = {
			isa = XCConfigurationList;
			buildConfigurations = (
				1D244AB929ADF36600250968 /* Debug */,
				1D244ABA29ADF36600250968 /* Release */,
			);
			defaultConfigurationIsVisible = 0;
			defaultConfigurationName = Release;
		};
		1D244ABB29ADF36600250968 /* Build configuration list for PBXNativeTarget "mixr" */ = {
			isa = XCConfigurationList;
			buildConfigurations = (
				1D244ABC29ADF36600250968 /* Debug */,
				1D244ABD29ADF36600250968 /* Release */,
			);
			defaultConfigurationIsVisible = 0;
			defaultConfigurationName = Release;
		};
/* End XCConfigurationList section */

/* Begin XCRemoteSwiftPackageReference section */
		1D3D31A02A5185C800FEB7AD /* XCRemoteSwiftPackageReference "realm-swift" */ = {
			isa = XCRemoteSwiftPackageReference;
			repositoryURL = "https://github.com/realm/realm-swift.git";
			requirement = {
				branch = master;
				kind = branch;
			};
		};
/* End XCRemoteSwiftPackageReference section */

/* Begin XCSwiftPackageProductDependency section */
		1D3D31A12A5185C800FEB7AD /* Realm */ = {
			isa = XCSwiftPackageProductDependency;
			package = 1D3D31A02A5185C800FEB7AD /* XCRemoteSwiftPackageReference "realm-swift" */;
			productName = Realm;
		};
		1D3D31A32A5185C800FEB7AD /* RealmSwift */ = {
			isa = XCSwiftPackageProductDependency;
			package = 1D3D31A02A5185C800FEB7AD /* XCRemoteSwiftPackageReference "realm-swift" */;
			productName = RealmSwift;
		};
/* End XCSwiftPackageProductDependency section */
	};
	rootObject = 1D244AA529ADF36500250968 /* Project object */;
}
